// !$*UTF8*$!
{
	archiveVersion = 1;
	classes = {
	};
	objectVersion = 46;
	objects = {

/* Begin PBXBuildFile section */
		2280CB601B74E9DD003061FF /* AppDelegate.swift in Sources */ = {isa = PBXBuildFile; fileRef = 2280CB5F1B74E9DD003061FF /* AppDelegate.swift */; };
		2280CB621B74E9DD003061FF /* ViewController.swift in Sources */ = {isa = PBXBuildFile; fileRef = 2280CB611B74E9DD003061FF /* ViewController.swift */; };
		2280CB651B74E9DD003061FF /* Main.storyboard in Resources */ = {isa = PBXBuildFile; fileRef = 2280CB631B74E9DD003061FF /* Main.storyboard */; };
		2280CB671B74E9DD003061FF /* Images.xcassets in Resources */ = {isa = PBXBuildFile; fileRef = 2280CB661B74E9DD003061FF /* Images.xcassets */; };
		2280CB6A1B74E9DD003061FF /* LaunchScreen.xib in Resources */ = {isa = PBXBuildFile; fileRef = 2280CB681B74E9DD003061FF /* LaunchScreen.xib */; };
		2280CB761B74E9DD003061FF /* LinkedListDemoTests.swift in Sources */ = {isa = PBXBuildFile; fileRef = 2280CB751B74E9DD003061FF /* LinkedListDemoTests.swift */; };
		2280CB801B74EA26003061FF /* LinkedListSwift.swift in Sources */ = {isa = PBXBuildFile; fileRef = 2280CB7F1B74EA26003061FF /* LinkedListSwift.swift */; };
/* End PBXBuildFile section */

/* Begin PBXContainerItemProxy section */
		2280CB701B74E9DD003061FF /* PBXContainerItemProxy */ = {
			isa = PBXContainerItemProxy;
			containerPortal = 2280CB521B74E9DD003061FF /* Project object */;
			proxyType = 1;
			remoteGlobalIDString = 2280CB591B74E9DD003061FF;
			remoteInfo = LinkedListDemo;
		};
/* End PBXContainerItemProxy section */

/* Begin PBXFileReference section */
		2280CB5A1B74E9DD003061FF /* LinkedListDemo.app */ = {isa = PBXFileReference; explicitFileType = wrapper.application; includeInIndex = 0; path = LinkedListDemo.app; sourceTree = BUILT_PRODUCTS_DIR; };
		2280CB5E1B74E9DD003061FF /* Info.plist */ = {isa = PBXFileReference; lastKnownFileType = text.plist.xml; path = Info.plist; sourceTree = "<group>"; };
		2280CB5F1B74E9DD003061FF /* AppDelegate.swift */ = {isa = PBXFileReference; lastKnownFileType = sourcecode.swift; path = AppDelegate.swift; sourceTree = "<group>"; };
		2280CB611B74E9DD003061FF /* ViewController.swift */ = {isa = PBXFileReference; lastKnownFileType = sourcecode.swift; path = ViewController.swift; sourceTree = "<group>"; };
		2280CB641B74E9DD003061FF /* Base */ = {isa = PBXFileReference; lastKnownFileType = file.storyboard; name = Base; path = Base.lproj/Main.storyboard; sourceTree = "<group>"; };
		2280CB661B74E9DD003061FF /* Images.xcassets */ = {isa = PBXFileReference; lastKnownFileType = folder.assetcatalog; path = Images.xcassets; sourceTree = "<group>"; };
		2280CB691B74E9DD003061FF /* Base */ = {isa = PBXFileReference; lastKnownFileType = file.xib; name = Base; path = Base.lproj/LaunchScreen.xib; sourceTree = "<group>"; };
		2280CB6F1B74E9DD003061FF /* LinkedListDemoTests.xctest */ = {isa = PBXFileReference; explicitFileType = wrapper.cfbundle; includeInIndex = 0; path = LinkedListDemoTests.xctest; sourceTree = BUILT_PRODUCTS_DIR; };
		2280CB741B74E9DD003061FF /* Info.plist */ = {isa = PBXFileReference; lastKnownFileType = text.plist.xml; path = Info.plist; sourceTree = "<group>"; };
		2280CB751B74E9DD003061FF /* LinkedListDemoTests.swift */ = {isa = PBXFileReference; lastKnownFileType = sourcecode.swift; path = LinkedListDemoTests.swift; sourceTree = "<group>"; };
		2280CB7F1B74EA26003061FF /* LinkedListSwift.swift */ = {isa = PBXFileReference; fileEncoding = 4; lastKnownFileType = sourcecode.swift; path = LinkedListSwift.swift; sourceTree = "<group>"; };
/* End PBXFileReference section */

/* Begin PBXFrameworksBuildPhase section */
		2280CB571B74E9DD003061FF /* Frameworks */ = {
			isa = PBXFrameworksBuildPhase;
			buildActionMask = 2147483647;
			files = (
			);
			runOnlyForDeploymentPostprocessing = 0;
		};
		2280CB6C1B74E9DD003061FF /* Frameworks */ = {
			isa = PBXFrameworksBuildPhase;
			buildActionMask = 2147483647;
			files = (
			);
			runOnlyForDeploymentPostprocessing = 0;
		};
/* End PBXFrameworksBuildPhase section */

/* Begin PBXGroup section */
		2280CB511B74E9DD003061FF = {
			isa = PBXGroup;
			children = (
				2280CB5C1B74E9DD003061FF /* LinkedListDemo */,
				2280CB721B74E9DD003061FF /* LinkedListDemoTests */,
				2280CB5B1B74E9DD003061FF /* Products */,
			);
			sourceTree = "<group>";
		};
		2280CB5B1B74E9DD003061FF /* Products */ = {
			isa = PBXGroup;
			children = (
				2280CB5A1B74E9DD003061FF /* LinkedListDemo.app */,
				2280CB6F1B74E9DD003061FF /* LinkedListDemoTests.xctest */,
			);
			name = Products;
			sourceTree = "<group>";
		};
		2280CB5C1B74E9DD003061FF /* LinkedListDemo */ = {
			isa = PBXGroup;
			children = (
				2280CB5F1B74E9DD003061FF /* AppDelegate.swift */,
				2280CB611B74E9DD003061FF /* ViewController.swift */,
				2280CB631B74E9DD003061FF /* Main.storyboard */,
				2280CB661B74E9DD003061FF /* Images.xcassets */,
				2280CB681B74E9DD003061FF /* LaunchScreen.xib */,
				2280CB5D1B74E9DD003061FF /* Supporting Files */,
				2280CB7F1B74EA26003061FF /* LinkedListSwift.swift */,
			);
			path = LinkedListDemo;
			sourceTree = "<group>";
		};
		2280CB5D1B74E9DD003061FF /* Supporting Files */ = {
			isa = PBXGroup;
			children = (
				2280CB5E1B74E9DD003061FF /* Info.plist */,
			);
			name = "Supporting Files";
			sourceTree = "<group>";
		};
		2280CB721B74E9DD003061FF /* LinkedListDemoTests */ = {
			isa = PBXGroup;
			children = (
				2280CB751B74E9DD003061FF /* LinkedListDemoTests.swift */,
				2280CB731B74E9DD003061FF /* Supporting Files */,
			);
			path = LinkedListDemoTests;
			sourceTree = "<group>";
		};
		2280CB731B74E9DD003061FF /* Supporting Files */ = {
			isa = PBXGroup;
			children = (
				2280CB741B74E9DD003061FF /* Info.plist */,
			);
			name = "Supporting Files";
			sourceTree = "<group>";
		};
/* End PBXGroup section */

/* Begin PBXNativeTarget section */
		2280CB591B74E9DD003061FF /* LinkedListDemo */ = {
			isa = PBXNativeTarget;
			buildConfigurationList = 2280CB791B74E9DD003061FF /* Build configuration list for PBXNativeTarget "LinkedListDemo" */;
			buildPhases = (
				2280CB561B74E9DD003061FF /* Sources */,
				2280CB571B74E9DD003061FF /* Frameworks */,
				2280CB581B74E9DD003061FF /* Resources */,
			);
			buildRules = (
			);
			dependencies = (
			);
			name = LinkedListDemo;
			productName = LinkedListDemo;
			productReference = 2280CB5A1B74E9DD003061FF /* LinkedListDemo.app */;
			productType = "com.apple.product-type.application";
		};
		2280CB6E1B74E9DD003061FF /* LinkedListDemoTests */ = {
			isa = PBXNativeTarget;
			buildConfigurationList = 2280CB7C1B74E9DD003061FF /* Build configuration list for PBXNativeTarget "LinkedListDemoTests" */;
			buildPhases = (
				2280CB6B1B74E9DD003061FF /* Sources */,
				2280CB6C1B74E9DD003061FF /* Frameworks */,
				2280CB6D1B74E9DD003061FF /* Resources */,
			);
			buildRules = (
			);
			dependencies = (
				2280CB711B74E9DD003061FF /* PBXTargetDependency */,
			);
			name = LinkedListDemoTests;
			productName = LinkedListDemoTests;
			productReference = 2280CB6F1B74E9DD003061FF /* LinkedListDemoTests.xctest */;
			productType = "com.apple.product-type.bundle.unit-test";
		};
/* End PBXNativeTarget section */

/* Begin PBXProject section */
		2280CB521B74E9DD003061FF /* Project object */ = {
			isa = PBXProject;
			attributes = {
				LastUpgradeCheck = 0630;
				ORGANIZATIONNAME = "chen Yuheng";
				TargetAttributes = {
					2280CB591B74E9DD003061FF = {
						CreatedOnToolsVersion = 6.3;
					};
					2280CB6E1B74E9DD003061FF = {
						CreatedOnToolsVersion = 6.3;
						TestTargetID = 2280CB591B74E9DD003061FF;
					};
				};
			};
			buildConfigurationList = 2280CB551B74E9DD003061FF /* Build configuration list for PBXProject "LinkedListDemo" */;
			compatibilityVersion = "Xcode 3.2";
			developmentRegion = English;
			hasScannedForEncodings = 0;
			knownRegions = (
				en,
				Base,
			);
			mainGroup = 2280CB511B74E9DD003061FF;
			productRefGroup = 2280CB5B1B74E9DD003061FF /* Products */;
			projectDirPath = "";
			projectRoot = "";
			targets = (
				2280CB591B74E9DD003061FF /* LinkedListDemo */,
				2280CB6E1B74E9DD003061FF /* LinkedListDemoTests */,
			);
		};
/* End PBXProject section */

/* Begin PBXResourcesBuildPhase section */
		2280CB581B74E9DD003061FF /* Resources */ = {
			isa = PBXResourcesBuildPhase;
			buildActionMask = 2147483647;
			files = (
				2280CB651B74E9DD003061FF /* Main.storyboard in Resources */,
				2280CB6A1B74E9DD003061FF /* LaunchScreen.xib in Resources */,
				2280CB671B74E9DD003061FF /* Images.xcassets in Resources */,
			);
			runOnlyForDeploymentPostprocessing = 0;
		};
		2280CB6D1B74E9DD003061FF /* Resources */ = {
			isa = PBXResourcesBuildPhase;
			buildActionMask = 2147483647;
			files = (
			);
			runOnlyForDeploymentPostprocessing = 0;
		};
/* End PBXResourcesBuildPhase section */

/* Begin PBXSourcesBuildPhase section */
		2280CB561B74E9DD003061FF /* Sources */ = {
			isa = PBXSourcesBuildPhase;
			buildActionMask = 2147483647;
			files = (
				2280CB801B74EA26003061FF /* LinkedListSwift.swift in Sources */,
				2280CB621B74E9DD003061FF /* ViewController.swift in Sources */,
				2280CB601B74E9DD003061FF /* AppDelegate.swift in Sources */,
			);
			runOnlyForDeploymentPostprocessing = 0;
		};
		2280CB6B1B74E9DD003061FF /* Sources */ = {
			isa = PBXSourcesBuildPhase;
			buildActionMask = 2147483647;
			files = (
				2280CB761B74E9DD003061FF /* LinkedListDemoTests.swift in Sources */,
			);
			runOnlyForDeploymentPostprocessing = 0;
		};
/* End PBXSourcesBuildPhase section */

/* Begin PBXTargetDependency section */
		2280CB711B74E9DD003061FF /* PBXTargetDependency */ = {
			isa = PBXTargetDependency;
			target = 2280CB591B74E9DD003061FF /* LinkedListDemo */;
			targetProxy = 2280CB701B74E9DD003061FF /* PBXContainerItemProxy */;
		};
/* End PBXTargetDependency section */

/* Begin PBXVariantGroup section */
		2280CB631B74E9DD003061FF /* Main.storyboard */ = {
			isa = PBXVariantGroup;
			children = (
				2280CB641B74E9DD003061FF /* Base */,
			);
			name = Main.storyboard;
			sourceTree = "<group>";
		};
		2280CB681B74E9DD003061FF /* LaunchScreen.xib */ = {
			isa = PBXVariantGroup;
			children = (
				2280CB691B74E9DD003061FF /* Base */,
			);
			name = LaunchScreen.xib;
			sourceTree = "<group>";
		};
/* End PBXVariantGroup section */

/* Begin XCBuildConfiguration section */
		2280CB771B74E9DD003061FF /* Debug */ = {
			isa = XCBuildConfiguration;
			buildSettings = {
				ALWAYS_SEARCH_USER_PATHS = NO;
				CLANG_CXX_LANGUAGE_STANDARD = "gnu++0x";
				CLANG_CXX_LIBRARY = "libc++";
				CLANG_ENABLE_MODULES = YES;
				CLANG_ENABLE_OBJC_ARC = YES;
				CLANG_WARN_BOOL_CONVERSION = YES;
				CLANG_WARN_CONSTANT_CONVERSION = YES;
				CLANG_WARN_DIRECT_OBJC_ISA_USAGE = YES_ERROR;
				CLANG_WARN_EMPTY_BODY = YES;
				CLANG_WARN_ENUM_CONVERSION = YES;
				CLANG_WARN_INT_CONVERSION = YES;
				CLANG_WARN_OBJC_ROOT_CLASS = YES_ERROR;
				CLANG_WARN_UNREACHABLE_CODE = YES;
				CLANG_WARN__DUPLICATE_METHOD_MATCH = YES;
				"CODE_SIGN_IDENTITY[sdk=iphoneos*]" = "iPhone Developer";
				COPY_PHASE_STRIP = NO;
				DEBUG_INFORMATION_FORMAT = "dwarf-with-dsym";
				ENABLE_STRICT_OBJC_MSGSEND = YES;
				GCC_C_LANGUAGE_STANDARD = gnu99;
				GCC_DYNAMIC_NO_PIC = NO;
				GCC_NO_COMMON_BLOCKS = YES;
				GCC_OPTIMIZATION_LEVEL = 0;
				GCC_PREPROCESSOR_DEFINITIONS = (
					"DEBUG=1",
					"$(inherited)",
				);
				GCC_SYMBOLS_PRIVATE_EXTERN = NO;
				GCC_WARN_64_TO_32_BIT_CONVERSION = YES;
				GCC_WARN_ABOUT_RETURN_TYPE = YES_ERROR;
				GCC_WARN_UNDECLARED_SELECTOR = YES;
				GCC_WARN_UNINITIALIZED_AUTOS = YES_AGGRESSIVE;
				GCC_WARN_UNUSED_FUNCTION = YES;
				GCC_WARN_UNUSED_VARIABLE = YES;
				IPHONEOS_DEPLOYMENT_TARGET = 8.3;
				MTL_ENABLE_DEBUG_INFO = YES;
				ONLY_ACTIVE_ARCH = YES;
				SDKROOT = iphoneos;
				SWIFT_OPTIMIZATION_LEVEL = "-Onone";
			};
			name = Debug;
		};
		2280CB781B74E9DD003061FF /* Release */ = {
			isa = XCBuildConfiguration;
			buildSettings = {
				ALWAYS_SEARCH_USER_PATHS = NO;
				CLANG_CXX_LANGUAGE_STANDARD = "gnu++0x";
				CLANG_CXX_LIBRARY = "libc++";
				CLANG_ENABLE_MODULES = YES;
				CLANG_ENABLE_OBJC_ARC = YES;
				CLANG_WARN_BOOL_CONVERSION = YES;
				CLANG_WARN_CONSTANT_CONVERSION = YES;
				CLANG_WARN_DIRECT_OBJC_ISA_USAGE = YES_ERROR;
				CLANG_WARN_EMPTY_BODY = YES;
				CLANG_WARN_ENUM_CONVERSION = YES;
				CLANG_WARN_INT_CONVERSION = YES;
				CLANG_WARN_OBJC_ROOT_CLASS = YES_ERROR;
				CLANG_WARN_UNREACHABLE_CODE = YES;
				CLANG_WARN__DUPLICATE_METHOD_MATCH = YES;
				"CODE_SIGN_IDENTITY[sdk=iphoneos*]" = "iPhone Developer";
				COPY_PHASE_STRIP = NO;
				DEBUG_INFORMATION_FORMAT = "dwarf-with-dsym";
				ENABLE_NS_ASSERTIONS = NO;
				ENABLE_STRICT_OBJC_MSGSEND = YES;
				GCC_C_LANGUAGE_STANDARD = gnu99;
				GCC_NO_COMMON_BLOCKS = YES;
				GCC_WARN_64_TO_32_BIT_CONVERSION = YES;
				GCC_WARN_ABOUT_RETURN_TYPE = YES_ERROR;
				GCC_WARN_UNDECLARED_SELECTOR = YES;
				GCC_WARN_UNINITIALIZED_AUTOS = YES_AGGRESSIVE;
				GCC_WARN_UNUSED_FUNCTION = YES;
				GCC_WARN_UNUSED_VARIABLE = YES;
				IPHONEOS_DEPLOYMENT_TARGET = 8.3;
				MTL_ENABLE_DEBUG_INFO = NO;
				SDKROOT = iphoneos;
				VALIDATE_PRODUCT = YES;
			};
			name = Release;
		};
		2280CB7A1B74E9DD003061FF /* Debug */ = {
			isa = XCBuildConfiguration;
			buildSettings = {
				ASSETCATALOG_COMPILER_APPICON_NAME = AppIcon;
				INFOPLIST_FILE = LinkedListDemo/Info.plist;
				LD_RUNPATH_SEARCH_PATHS = "$(inherited) @executable_path/Frameworks";
				PRODUCT_NAME = "$(TARGET_NAME)";
			};
			name = Debug;
		};
		2280CB7B1B74E9DD003061FF /* Release */ = {
			isa = XCBuildConfiguration;
			buildSettings = {
				ASSETCATALOG_COMPILER_APPICON_NAME = AppIcon;
				INFOPLIST_FILE = LinkedListDemo/Info.plist;
				LD_RUNPATH_SEARCH_PATHS = "$(inherited) @executable_path/Frameworks";
				PRODUCT_NAME = "$(TARGET_NAME)";
			};
			name = Release;
		};
		2280CB7D1B74E9DD003061FF /* Debug */ = {
			isa = XCBuildConfiguration;
			buildSettings = {
				BUNDLE_LOADER = "$(TEST_HOST)";
				FRAMEWORK_SEARCH_PATHS = (
					"$(SDKROOT)/Developer/Library/Frameworks",
					"$(inherited)",
				);
				GCC_PREPROCESSOR_DEFINITIONS = (
					"DEBUG=1",
					"$(inherited)",
				);
				INFOPLIST_FILE = LinkedListDemoTests/Info.plist;
				LD_RUNPATH_SEARCH_PATHS = "$(inherited) @executable_path/Frameworks @loader_path/Frameworks";
				PRODUCT_NAME = "$(TARGET_NAME)";
				TEST_HOST = "$(BUILT_PRODUCTS_DIR)/LinkedListDemo.app/LinkedListDemo";
			};
			name = Debug;
		};
		2280CB7E1B74E9DD003061FF /* Release */ = {
			isa = XCBuildConfiguration;
			buildSettings = {
				BUNDLE_LOADER = "$(TEST_HOST)";
				FRAMEWORK_SEARCH_PATHS = (
					"$(SDKROOT)/Developer/Library/Frameworks",
					"$(inherited)",
				);
				INFOPLIST_FILE = LinkedListDemoTests/Info.plist;
				LD_RUNPATH_SEARCH_PATHS = "$(inherited) @executable_path/Frameworks @loader_path/Frameworks";
				PRODUCT_NAME = "$(TARGET_NAME)";
				TEST_HOST = "$(BUILT_PRODUCTS_DIR)/LinkedListDemo.app/LinkedListDemo";
			};
			name = Release;
		};
/* End XCBuildConfiguration section */

/* Begin XCConfigurationList section */
		2280CB551B74E9DD003061FF /* Build configuration list for PBXProject "LinkedListDemo" */ = {
			isa = XCConfigurationList;
			buildConfigurations = (
				2280CB771B74E9DD003061FF /* Debug */,
				2280CB781B74E9DD003061FF /* Release */,
			);
			defaultConfigurationIsVisible = 0;
			defaultConfigurationName = Release;
		};
		2280CB791B74E9DD003061FF /* Build configuration list for PBXNativeTarget "LinkedListDemo" */ = {
			isa = XCConfigurationList;
			buildConfigurations = (
				2280CB7A1B74E9DD003061FF /* Debug */,
				2280CB7B1B74E9DD003061FF /* Release */,
			);
			defaultConfigurationIsVisible = 0;
		};
		2280CB7C1B74E9DD003061FF /* Build configuration list for PBXNativeTarget "LinkedListDemoTests" */ = {
			isa = XCConfigurationList;
			buildConfigurations = (
				2280CB7D1B74E9DD003061FF /* Debug */,
				2280CB7E1B74E9DD003061FF /* Release */,
			);
			defaultConfigurationIsVisible = 0;
		};
/* End XCConfigurationList section */
	};
	rootObject = 2280CB521B74E9DD003061FF /* Project object */;
}
